PODS:
  - Cache (5.3.0)
  - Fakery (5.0.0)
  - Hue (5.0.1)
  - Imaginary (5.0.1):
    - Cache (~> 5.0)
  - Spots (7.6.0):
    - Cache
  - Sugar (5.0.0)
  - Tailor (5.0.0)

DEPENDENCIES:
  - Cache (from `https://github.com/systembugtj/Cache.git`)
  - Fakery (from `https://github.com/systembugtj/Fakery`)
  - Hue (from `../../`)
  - Imaginary (from `https://github.com/systembugtj/Imaginary.git`)
  - Spots (from `https://github.com/systembugtj/Spots`)
  - Sugar (from `https://github.com/systembugtj/Sugar`)
  - Tailor (from `https://github.com/systembugtj/Tailor`)

EXTERNAL SOURCES:
  Cache:
    :git: https://github.com/systembugtj/Cache.git
  Fakery:
    :git: https://github.com/systembugtj/Fakery
  Hue:
    :path: "../../"
  Imaginary:
    :git: https://github.com/systembugtj/Imaginary.git
  Spots:
    :git: https://github.com/systembugtj/Spots
  Sugar:
    :git: https://github.com/systembugtj/Sugar
  Tailor:
    :git: https://github.com/systembugtj/Tailor

CHECKOUT OPTIONS:
  Cache:
    :commit: d2fb0c1d69b5e2d845b7fe1bcef3a9a70fd52341
    :git: https://github.com/systembugtj/Cache.git
  Fakery:
    :commit: 2072f3cfef62ed0a2da8fd9efab6d74912ad0be7
    :git: https://github.com/systembugtj/Fakery
  Imaginary:
    :commit: 600adeaab9b7979922cdf2170b37f186590577b3
    :git: https://github.com/systembugtj/Imaginary.git
  Spots:
    :commit: cc365ae8a1462b8ff1738b77717eb1e6416ad868
    :git: https://github.com/systembugtj/Spots
  Sugar:
    :commit: cff5e71317132ac20c5644e8e7d1af3112d9a2b4
    :git: https://github.com/systembugtj/Sugar
  Tailor:
    :commit: 5be2584a3d0f8e4cda2eaa73c6c7ea0d21980e33
    :git: https://github.com/systembugtj/Tailor

SPEC CHECKSUMS:
  Cache: b3f230a4e2e30e13b52863eb3539794fcc5e1995
  Fakery: 0efdd9f83e10ab3edfc3adefe363ec24f1b9d2d0
  Hue: 987ac93ce357c44b6d4c87ebbbf00469d7382fe1
  Imaginary: afe0d00925db2041e4c08e285b106a48f2390933
  Spots: 06e6718ced4b2bdcc84be3c08c5c4c15842dbdc6
  Sugar: 80dd0ecebb5d118bb3f6f82205e8028b85208727
  Tailor: 9065a1955fe218e06280c82bf08abe12164f9b6b

PODFILE CHECKSUM: f7e43bd8714dbf5e3cd266b56bc9c9678a6a5555

COCOAPODS: 1.7.5
